# THIS IS AN AUTOGENERATED FILE. DO NOT EDIT THIS FILE DIRECTLY.
# yarn lockfile v1


"@assemblyscript/loader@^0.18.32":
  version "0.18.32"
  resolved "https://registry.yarnpkg.com/@assemblyscript/loader/-/loader-0.18.32.tgz#2216fc7df235df247c95004457efd9c0a7da33ed"
  integrity sha512-fq+nWvQuwASkTgchjMsnLyharobzPJIKx4KGoSlkS1ffrsnjabok2oOH7jAIFW4RMz3JXjHxMONbAmcxzyrcUw==

as-string-sink@^0.2.1:
  version "0.2.1"
  resolved "https://registry.yarnpkg.com/as-string-sink/-/as-string-sink-0.2.1.tgz#20ee91dd58ed88bbcf71de56ada29086e7ba9bfe"
  integrity sha512-BiKt1ZbKAkVQqFDjAujeVG8FCzK4ool4iS29Ix2SeNKHnLRkeWh5VpTRbLUsIOKGyfGrPkfDMmpuG6Af3iETcQ==

assemblyscript@^0.18.32:
  version "0.18.32"
  resolved "https://registry.yarnpkg.com/assemblyscript/-/assemblyscript-0.18.32.tgz#cbb76076bd4d9702f4baae0a2910c9755c8e4ecd"
  integrity sha512-Py6zremwGhO3nSoI/VxyVUzTZfNhTjzNzFDaUdG4JhPJHeG+FzVlEoNCrw4bE5nPc7F+P2DJ8tZQCqIt15ceKw==
  dependencies:
    binaryen "100.0.0-nightly.20210413"
    long "^4.0.0"

binaryen@100.0.0-nightly.20210413:
  version "100.0.0-nightly.20210413"
  resolved "https://registry.yarnpkg.com/binaryen/-/binaryen-100.0.0-nightly.20210413.tgz#b7f2a5bb1f76b2d6f9c67486ca218714b3766790"
  integrity sha512-EeGLIxQmJS0xnYl+SH34mNBqVMoixKd9nsE7S7z+CtS9A4eoWn3Qjav+XElgunUgXIHAI5yLnYT2TUGnLX2f1w==

long@^4.0.0:
  version "4.0.0"
  resolved "https://registry.yarnpkg.com/long/-/long-4.0.0.tgz#9a7b71cfb7d361a194ea555241c92f7468d5bf28"
  integrity sha512-XsP+KhQif4bjX1kbuSiySJFNAehNxgLb6hPRGJ9QsUr8ajHkuXGdrHmFUTUUXhDwVX2R5bY4JNZEwbUiMhV+MA==
